
Microsoft Visual Studio Solution File, Format Version 12.00
# Visual Studio Version 16
VisualStudioVersion = 16.0.31112.23
MinimumVisualStudioVersion = 10.0.40219.1
Project("{FAE04EC0-301F-11D3-BF4B-00C04F79EFBC}") = "netstudio_demo", "netstudio_demo\netstudio_demo.csproj", "{6223A3D8-A6E8-4F2F-8CBF-A3C64BC62B82}"
EndProject
Global
	GlobalSection(SolutionConfigurationPlatforms) = preSolution
		Debug|Any CPU = Debug|Any CPU
		Release|Any CPU = Release|Any CPU
	EndGlobalSection
	GlobalSection(ProjectConfigurationPlatforms) = postSolution
		{6223A3D8-A6E8-4F2F-8CBF-A3C64BC62B82}.Debug|Any CPU.ActiveCfg = Debug|Any CPU
		{6223A3D8-A6E8-4F2F-8CBF-A3C64BC62B82}.Debug|Any CPU.Build.0 = Debug|Any CPU
		{6223A3D8-A6E8-4F2F-8CBF-A3C64BC62B82}.Release|Any CPU.ActiveCfg = Release|Any CPU
		{6223A3D8-A6E8-4F2F-8CBF-A3C64BC62B82}.Release|Any CPU.Build.0 = Release|Any CPU
	EndGlobalSection
	GlobalSection(SolutionProperties) = preSolution
		HideSolutionNode = FALSE
	EndGlobalSection
	GlobalSection(ExtensibilityGlobals) = postSolution
		SolutionGuid = {AB86A7CF-FFB8-44EA-8F92-45F2C3950549}
	EndGlobalSection
EndGlobal
